{
  "name": "@yasg1988/ru-software-registry-skill",
  "version": "0.1.5",
  "lockfileVersion": 3,
  "requires": true,
  "packages": {
    "": {
      "name": "@yasg1988/ru-software-registry-skill",
      "version": "0.1.5",
      "license": "Apache-2.0",
      "bin": {
        "install-ru-software-registry-skill": "bin/install.js"
      }
    }
  }
}
